// !$*UTF8*$!
{
	archiveVersion = 1;
	classes = {
	};
	objectVersion = 56;
	objects = {

/* Begin PBXBuildFile section */
		201D7FC22C893E860022656F /* FeedCell.swift in Sources */ = {isa = PBXBuildFile; fileRef = 201D7FC12C893E860022656F /* FeedCell.swift */; };
		201D7FDE2C8985350022656F /* ExploreView.swift in Sources */ = {isa = PBXBuildFile; fileRef = 201D7FDD2C8985350022656F /* ExploreView.swift */; };
		201D7FE02C89854B0022656F /* UserCell.swift in Sources */ = {isa = PBXBuildFile; fileRef = 201D7FDF2C89854B0022656F /* UserCell.swift */; };
		201D7FE22C8A76CB0022656F /* NotificationView.swift in Sources */ = {isa = PBXBuildFile; fileRef = 201D7FE12C8A76CB0022656F /* NotificationView.swift */; };
		201D7FE42C8A76DE0022656F /* NotificationCell.swift in Sources */ = {isa = PBXBuildFile; fileRef = 201D7FE32C8A76DE0022656F /* NotificationCell.swift */; };
		201D7FE62C8A89300022656F /* CurrentUserProfileView.swift in Sources */ = {isa = PBXBuildFile; fileRef = 201D7FE52C8A89300022656F /* CurrentUserProfileView.swift */; };
		201D7FE82C8BB4DE0022656F /* ProfileHeaderView.swift in Sources */ = {isa = PBXBuildFile; fileRef = 201D7FE72C8BB4DE0022656F /* ProfileHeaderView.swift */; };
		201D7FEA2C8BB4F10022656F /* PostGridView.swift in Sources */ = {isa = PBXBuildFile; fileRef = 201D7FE92C8BB4F10022656F /* PostGridView.swift */; };
		201D7FED2C8BB9910022656F /* UserStatView.swift in Sources */ = {isa = PBXBuildFile; fileRef = 201D7FEC2C8BB9910022656F /* UserStatView.swift */; };
		201D7FF02C8CE0340022656F /* Post.swift in Sources */ = {isa = PBXBuildFile; fileRef = 201D7FEF2C8CE0340022656F /* Post.swift */; };
		201D7FF52C8E7D780022656F /* FeedViewModel.swift in Sources */ = {isa = PBXBuildFile; fileRef = 201D7FF42C8E7D780022656F /* FeedViewModel.swift */; };
		201D7FF72C8F6FBA0022656F /* CustomVideoPlayer.swift in Sources */ = {isa = PBXBuildFile; fileRef = 201D7FF62C8F6FBA0022656F /* CustomVideoPlayer.swift */; };
		201D80012C8FD3920022656F /* LoginView.swift in Sources */ = {isa = PBXBuildFile; fileRef = 201D80002C8FD3920022656F /* LoginView.swift */; };
		201D80032C8FD3B50022656F /* RegistrationView.swift in Sources */ = {isa = PBXBuildFile; fileRef = 201D80022C8FD3B50022656F /* RegistrationView.swift */; };
		201D80262C939B5F0022656F /* StandardTextFieldModifier.swift in Sources */ = {isa = PBXBuildFile; fileRef = 201D80252C939B5F0022656F /* StandardTextFieldModifier.swift */; };
		201D80282C93B1410022656F /* AuthenticationFormProtocol.swift in Sources */ = {isa = PBXBuildFile; fileRef = 201D80272C93B1410022656F /* AuthenticationFormProtocol.swift */; };
		201D802A2C93C9160022656F /* GoogleService-Info.plist in Resources */ = {isa = PBXBuildFile; fileRef = 201D80292C93C9160022656F /* GoogleService-Info.plist */; };
		201D802E2C93CCBF0022656F /* FirebaseAnalytics in Frameworks */ = {isa = PBXBuildFile; productRef = 201D802D2C93CCBF0022656F /* FirebaseAnalytics */; };
		201D80302C93CCC00022656F /* FirebaseAnalyticsOnDeviceConversion in Frameworks */ = {isa = PBXBuildFile; productRef = 201D802F2C93CCC00022656F /* FirebaseAnalyticsOnDeviceConversion */; };
		201D80322C93CCC00022656F /* FirebaseAnalyticsWithoutAdIdSupport in Frameworks */ = {isa = PBXBuildFile; productRef = 201D80312C93CCC00022656F /* FirebaseAnalyticsWithoutAdIdSupport */; };
		201D80342C93CCC00022656F /* FirebaseAppCheck in Frameworks */ = {isa = PBXBuildFile; productRef = 201D80332C93CCC00022656F /* FirebaseAppCheck */; };
		201D80362C93CCC00022656F /* FirebaseAppDistribution-Beta in Frameworks */ = {isa = PBXBuildFile; productRef = 201D80352C93CCC00022656F /* FirebaseAppDistribution-Beta */; };
		201D80382C93CCC00022656F /* FirebaseAuth in Frameworks */ = {isa = PBXBuildFile; productRef = 201D80372C93CCC00022656F /* FirebaseAuth */; };
		201D803A2C93CCC00022656F /* FirebaseAuthCombine-Community in Frameworks */ = {isa = PBXBuildFile; productRef = 201D80392C93CCC00022656F /* FirebaseAuthCombine-Community */; };
		201D803C2C93CCC00022656F /* FirebaseCrashlytics in Frameworks */ = {isa = PBXBuildFile; productRef = 201D803B2C93CCC00022656F /* FirebaseCrashlytics */; };
		201D803E2C93CCC00022656F /* FirebaseDatabase in Frameworks */ = {isa = PBXBuildFile; productRef = 201D803D2C93CCC00022656F /* FirebaseDatabase */; };
		201D80402C93CCC00022656F /* FirebaseDynamicLinks in Frameworks */ = {isa = PBXBuildFile; productRef = 201D803F2C93CCC00022656F /* FirebaseDynamicLinks */; };
		201D80422C93CCC00022656F /* FirebaseFirestore in Frameworks */ = {isa = PBXBuildFile; productRef = 201D80412C93CCC00022656F /* FirebaseFirestore */; };
		201D80442C93CCC00022656F /* FirebaseFirestoreCombine-Community in Frameworks */ = {isa = PBXBuildFile; productRef = 201D80432C93CCC00022656F /* FirebaseFirestoreCombine-Community */; };
		201D80462C93CCC00022656F /* FirebaseFunctions in Frameworks */ = {isa = PBXBuildFile; productRef = 201D80452C93CCC00022656F /* FirebaseFunctions */; };
		201D80482C93CCC00022656F /* FirebaseFunctionsCombine-Community in Frameworks */ = {isa = PBXBuildFile; productRef = 201D80472C93CCC00022656F /* FirebaseFunctionsCombine-Community */; };
		201D804A2C93CCC00022656F /* FirebaseInAppMessaging-Beta in Frameworks */ = {isa = PBXBuildFile; productRef = 201D80492C93CCC00022656F /* FirebaseInAppMessaging-Beta */; };
		201D804C2C93CCC00022656F /* FirebaseInstallations in Frameworks */ = {isa = PBXBuildFile; productRef = 201D804B2C93CCC00022656F /* FirebaseInstallations */; };
		201D804E2C93CCC00022656F /* FirebaseMessaging in Frameworks */ = {isa = PBXBuildFile; productRef = 201D804D2C93CCC00022656F /* FirebaseMessaging */; };
		201D80502C93CCC00022656F /* FirebaseMLModelDownloader in Frameworks */ = {isa = PBXBuildFile; productRef = 201D804F2C93CCC00022656F /* FirebaseMLModelDownloader */; };
		201D80522C93CCC00022656F /* FirebasePerformance in Frameworks */ = {isa = PBXBuildFile; productRef = 201D80512C93CCC00022656F /* FirebasePerformance */; };
		201D80542C93CCC00022656F /* FirebaseRemoteConfig in Frameworks */ = {isa = PBXBuildFile; productRef = 201D80532C93CCC00022656F /* FirebaseRemoteConfig */; };
		201D80562C93CCC00022656F /* FirebaseStorage in Frameworks */ = {isa = PBXBuildFile; productRef = 201D80552C93CCC00022656F /* FirebaseStorage */; };
		201D80582C93CCC00022656F /* FirebaseStorageCombine-Community in Frameworks */ = {isa = PBXBuildFile; productRef = 201D80572C93CCC00022656F /* FirebaseStorageCombine-Community */; };
		201D805A2C93CCC00022656F /* FirebaseVertexAI-Preview in Frameworks */ = {isa = PBXBuildFile; productRef = 201D80592C93CCC00022656F /* FirebaseVertexAI-Preview */; };
		201D805C2C94DE6F0022656F /* AuthService.swift in Sources */ = {isa = PBXBuildFile; fileRef = 201D805B2C94DE6F0022656F /* AuthService.swift */; };
		201D805E2C94F5D40022656F /* LoginViewModel.swift in Sources */ = {isa = PBXBuildFile; fileRef = 201D805D2C94F5D40022656F /* LoginViewModel.swift */; };
		201D80602C94F6EF0022656F /* RegistrationViewModel.swift in Sources */ = {isa = PBXBuildFile; fileRef = 201D805F2C94F6EF0022656F /* RegistrationViewModel.swift */; };
		201D80622C9502FD0022656F /* ContentViewModel.swift in Sources */ = {isa = PBXBuildFile; fileRef = 201D80612C9502FD0022656F /* ContentViewModel.swift */; };
		201D81002CA899840022656F /* User.swift in Sources */ = {isa = PBXBuildFile; fileRef = 201D80FF2CA899840022656F /* User.swift */; };
		201D81022CA89ACF0022656F /* UserService.swift in Sources */ = {isa = PBXBuildFile; fileRef = 201D81012CA89ACF0022656F /* UserService.swift */; };
		201D81042CA8E8770022656F /* PreviewProvider.swift in Sources */ = {isa = PBXBuildFile; fileRef = 201D81032CA8E8770022656F /* PreviewProvider.swift */; };
		201D81082CA8EC820022656F /* ExploreViewModel.swift in Sources */ = {isa = PBXBuildFile; fileRef = 201D81072CA8EC820022656F /* ExploreViewModel.swift */; };
		201D810A2CAA18A20022656F /* UserProfileView.swift in Sources */ = {isa = PBXBuildFile; fileRef = 201D81092CAA18A20022656F /* UserProfileView.swift */; };
		201D810C2CAA20780022656F /* Firestore+Constants.swift in Sources */ = {isa = PBXBuildFile; fileRef = 201D810B2CAA20780022656F /* Firestore+Constants.swift */; };
		201D81122CAA2DD90022656F /* EditProfileView.swift in Sources */ = {isa = PBXBuildFile; fileRef = 201D81112CAA2DD90022656F /* EditProfileView.swift */; };
		20D029EE2C87C616000433D2 /* TiktokCloneApp.swift in Sources */ = {isa = PBXBuildFile; fileRef = 20D029ED2C87C616000433D2 /* TiktokCloneApp.swift */; };
		20D029F02C87C616000433D2 /* ContentView.swift in Sources */ = {isa = PBXBuildFile; fileRef = 20D029EF2C87C616000433D2 /* ContentView.swift */; };
		20D029F22C87C618000433D2 /* Assets.xcassets in Resources */ = {isa = PBXBuildFile; fileRef = 20D029F12C87C618000433D2 /* Assets.xcassets */; };
		20D029F52C87C618000433D2 /* Preview Assets.xcassets in Resources */ = {isa = PBXBuildFile; fileRef = 20D029F42C87C618000433D2 /* Preview Assets.xcassets */; };
		20D02A0D2C87DA85000433D2 /* MainTabView.swift in Sources */ = {isa = PBXBuildFile; fileRef = 20D02A0C2C87DA85000433D2 /* MainTabView.swift */; };
		20D02A0F2C88FEE5000433D2 /* FeedView.swift in Sources */ = {isa = PBXBuildFile; fileRef = 20D02A0E2C88FEE5000433D2 /* FeedView.swift */; };
/* End PBXBuildFile section */

/* Begin PBXFileReference section */
		201D7FC12C893E860022656F /* FeedCell.swift */ = {isa = PBXFileReference; lastKnownFileType = sourcecode.swift; path = FeedCell.swift; sourceTree = "<group>"; };
		201D7FDD2C8985350022656F /* ExploreView.swift */ = {isa = PBXFileReference; lastKnownFileType = sourcecode.swift; path = ExploreView.swift; sourceTree = "<group>"; };
		201D7FDF2C89854B0022656F /* UserCell.swift */ = {isa = PBXFileReference; lastKnownFileType = sourcecode.swift; path = UserCell.swift; sourceTree = "<group>"; };
		201D7FE12C8A76CB0022656F /* NotificationView.swift */ = {isa = PBXFileReference; lastKnownFileType = sourcecode.swift; path = NotificationView.swift; sourceTree = "<group>"; };
		201D7FE32C8A76DE0022656F /* NotificationCell.swift */ = {isa = PBXFileReference; lastKnownFileType = sourcecode.swift; path = NotificationCell.swift; sourceTree = "<group>"; };
		201D7FE52C8A89300022656F /* CurrentUserProfileView.swift */ = {isa = PBXFileReference; lastKnownFileType = sourcecode.swift; path = CurrentUserProfileView.swift; sourceTree = "<group>"; };
		201D7FE72C8BB4DE0022656F /* ProfileHeaderView.swift */ = {isa = PBXFileReference; lastKnownFileType = sourcecode.swift; path = ProfileHeaderView.swift; sourceTree = "<group>"; };
		201D7FE92C8BB4F10022656F /* PostGridView.swift */ = {isa = PBXFileReference; lastKnownFileType = sourcecode.swift; path = PostGridView.swift; sourceTree = "<group>"; };
		201D7FEC2C8BB9910022656F /* UserStatView.swift */ = {isa = PBXFileReference; lastKnownFileType = sourcecode.swift; path = UserStatView.swift; sourceTree = "<group>"; };
		201D7FEF2C8CE0340022656F /* Post.swift */ = {isa = PBXFileReference; lastKnownFileType = sourcecode.swift; path = Post.swift; sourceTree = "<group>"; };
		201D7FF42C8E7D780022656F /* FeedViewModel.swift */ = {isa = PBXFileReference; lastKnownFileType = sourcecode.swift; path = FeedViewModel.swift; sourceTree = "<group>"; };
		201D7FF62C8F6FBA0022656F /* CustomVideoPlayer.swift */ = {isa = PBXFileReference; lastKnownFileType = sourcecode.swift; path = CustomVideoPlayer.swift; sourceTree = "<group>"; };
		201D80002C8FD3920022656F /* LoginView.swift */ = {isa = PBXFileReference; lastKnownFileType = sourcecode.swift; path = LoginView.swift; sourceTree = "<group>"; };
		201D80022C8FD3B50022656F /* RegistrationView.swift */ = {isa = PBXFileReference; lastKnownFileType = sourcecode.swift; path = RegistrationView.swift; sourceTree = "<group>"; };
		201D80252C939B5F0022656F /* StandardTextFieldModifier.swift */ = {isa = PBXFileReference; lastKnownFileType = sourcecode.swift; path = StandardTextFieldModifier.swift; sourceTree = "<group>"; };
		201D80272C93B1410022656F /* AuthenticationFormProtocol.swift */ = {isa = PBXFileReference; lastKnownFileType = sourcecode.swift; path = AuthenticationFormProtocol.swift; sourceTree = "<group>"; };
		201D80292C93C9160022656F /* GoogleService-Info.plist */ = {isa = PBXFileReference; fileEncoding = 4; lastKnownFileType = text.plist.xml; name = "GoogleService-Info.plist"; path = "TiktokClone/GoogleService-Info.plist"; sourceTree = SOURCE_ROOT; };
		201D805B2C94DE6F0022656F /* AuthService.swift */ = {isa = PBXFileReference; lastKnownFileType = sourcecode.swift; path = AuthService.swift; sourceTree = "<group>"; };
		201D805D2C94F5D40022656F /* LoginViewModel.swift */ = {isa = PBXFileReference; lastKnownFileType = sourcecode.swift; path = LoginViewModel.swift; sourceTree = "<group>"; };
		201D805F2C94F6EF0022656F /* RegistrationViewModel.swift */ = {isa = PBXFileReference; lastKnownFileType = sourcecode.swift; path = RegistrationViewModel.swift; sourceTree = "<group>"; };
		201D80612C9502FD0022656F /* ContentViewModel.swift */ = {isa = PBXFileReference; lastKnownFileType = sourcecode.swift; path = ContentViewModel.swift; sourceTree = "<group>"; };
		201D80FF2CA899840022656F /* User.swift */ = {isa = PBXFileReference; lastKnownFileType = sourcecode.swift; path = User.swift; sourceTree = "<group>"; };
		201D81012CA89ACF0022656F /* UserService.swift */ = {isa = PBXFileReference; lastKnownFileType = sourcecode.swift; path = UserService.swift; sourceTree = "<group>"; };
		201D81032CA8E8770022656F /* PreviewProvider.swift */ = {isa = PBXFileReference; lastKnownFileType = sourcecode.swift; path = PreviewProvider.swift; sourceTree = "<group>"; };
		201D81072CA8EC820022656F /* ExploreViewModel.swift */ = {isa = PBXFileReference; lastKnownFileType = sourcecode.swift; path = ExploreViewModel.swift; sourceTree = "<group>"; };
		201D81092CAA18A20022656F /* UserProfileView.swift */ = {isa = PBXFileReference; lastKnownFileType = sourcecode.swift; path = UserProfileView.swift; sourceTree = "<group>"; };
		201D810B2CAA20780022656F /* Firestore+Constants.swift */ = {isa = PBXFileReference; lastKnownFileType = sourcecode.swift; path = "Firestore+Constants.swift"; sourceTree = "<group>"; };
		201D81112CAA2DD90022656F /* EditProfileView.swift */ = {isa = PBXFileReference; lastKnownFileType = sourcecode.swift; path = EditProfileView.swift; sourceTree = "<group>"; };
		20D029EA2C87C616000433D2 /* TiktokClone.app */ = {isa = PBXFileReference; explicitFileType = wrapper.application; includeInIndex = 0; path = TiktokClone.app; sourceTree = BUILT_PRODUCTS_DIR; };
		20D029ED2C87C616000433D2 /* TiktokCloneApp.swift */ = {isa = PBXFileReference; lastKnownFileType = sourcecode.swift; path = TiktokCloneApp.swift; sourceTree = "<group>"; };
		20D029EF2C87C616000433D2 /* ContentView.swift */ = {isa = PBXFileReference; lastKnownFileType = sourcecode.swift; path = ContentView.swift; sourceTree = "<group>"; };
		20D029F12C87C618000433D2 /* Assets.xcassets */ = {isa = PBXFileReference; lastKnownFileType = folder.assetcatalog; path = Assets.xcassets; sourceTree = "<group>"; };
		20D029F42C87C618000433D2 /* Preview Assets.xcassets */ = {isa = PBXFileReference; lastKnownFileType = folder.assetcatalog; path = "Preview Assets.xcassets"; sourceTree = "<group>"; };
		20D02A0C2C87DA85000433D2 /* MainTabView.swift */ = {isa = PBXFileReference; lastKnownFileType = sourcecode.swift; path = MainTabView.swift; sourceTree = "<group>"; };
		20D02A0E2C88FEE5000433D2 /* FeedView.swift */ = {isa = PBXFileReference; lastKnownFileType = sourcecode.swift; path = FeedView.swift; sourceTree = "<group>"; };
/* End PBXFileReference section */

/* Begin PBXFrameworksBuildPhase section */
		20D029E72C87C616000433D2 /* Frameworks */ = {
			isa = PBXFrameworksBuildPhase;
			buildActionMask = 2147483647;
			files = (
				201D80582C93CCC00022656F /* FirebaseStorageCombine-Community in Frameworks */,
				201D80342C93CCC00022656F /* FirebaseAppCheck in Frameworks */,
				201D80382C93CCC00022656F /* FirebaseAuth in Frameworks */,
				201D802E2C93CCBF0022656F /* FirebaseAnalytics in Frameworks */,
				201D80362C93CCC00022656F /* FirebaseAppDistribution-Beta in Frameworks */,
				201D80322C93CCC00022656F /* FirebaseAnalyticsWithoutAdIdSupport in Frameworks */,
				201D803C2C93CCC00022656F /* FirebaseCrashlytics in Frameworks */,
				201D803E2C93CCC00022656F /* FirebaseDatabase in Frameworks */,
				201D80482C93CCC00022656F /* FirebaseFunctionsCombine-Community in Frameworks */,
				201D803A2C93CCC00022656F /* FirebaseAuthCombine-Community in Frameworks */,
				201D804E2C93CCC00022656F /* FirebaseMessaging in Frameworks */,
				201D80302C93CCC00022656F /* FirebaseAnalyticsOnDeviceConversion in Frameworks */,
				201D80562C93CCC00022656F /* FirebaseStorage in Frameworks */,
				201D80462C93CCC00022656F /* FirebaseFunctions in Frameworks */,
				201D804C2C93CCC00022656F /* FirebaseInstallations in Frameworks */,
				201D80442C93CCC00022656F /* FirebaseFirestoreCombine-Community in Frameworks */,
				201D80522C93CCC00022656F /* FirebasePerformance in Frameworks */,
				201D80422C93CCC00022656F /* FirebaseFirestore in Frameworks */,
				201D80502C93CCC00022656F /* FirebaseMLModelDownloader in Frameworks */,
				201D80402C93CCC00022656F /* FirebaseDynamicLinks in Frameworks */,
				201D804A2C93CCC00022656F /* FirebaseInAppMessaging-Beta in Frameworks */,
				201D805A2C93CCC00022656F /* FirebaseVertexAI-Preview in Frameworks */,
				201D80542C93CCC00022656F /* FirebaseRemoteConfig in Frameworks */,
			);
			runOnlyForDeploymentPostprocessing = 0;
		};
/* End PBXFrameworksBuildPhase section */

/* Begin PBXGroup section */
		201D7FEB2C8BB9580022656F /* Components */ = {
			isa = PBXGroup;
			children = (
				201D7FE92C8BB4F10022656F /* PostGridView.swift */,
				201D7FE72C8BB4DE0022656F /* ProfileHeaderView.swift */,
				201D7FEC2C8BB9910022656F /* UserStatView.swift */,
			);
			path = Components;
			sourceTree = "<group>";
		};
		201D7FEE2C8BB9BB0022656F /* View */ = {
			isa = PBXGroup;
			children = (
				201D7FE52C8A89300022656F /* CurrentUserProfileView.swift */,
				201D81092CAA18A20022656F /* UserProfileView.swift */,
			);
			path = View;
			sourceTree = "<group>";
		};
		201D7FF12C8CE06F0022656F /* ViewModel */ = {
			isa = PBXGroup;
			children = (
				201D7FF42C8E7D780022656F /* FeedViewModel.swift */,
			);
			path = ViewModel;
			sourceTree = "<group>";
		};
		201D7FF22C8E7D0D0022656F /* View */ = {
			isa = PBXGroup;
			children = (
				20D02A0E2C88FEE5000433D2 /* FeedView.swift */,
				201D7FC12C893E860022656F /* FeedCell.swift */,
			);
			path = View;
			sourceTree = "<group>";
		};
		201D7FF32C8E7D2B0022656F /* Service */ = {
			isa = PBXGroup;
			children = (
			);
			path = Service;
			sourceTree = "<group>";
		};
		201D7FFB2C8FD3420022656F /* ViewModel */ = {
			isa = PBXGroup;
			children = (
				201D805D2C94F5D40022656F /* LoginViewModel.swift */,
				201D805F2C94F6EF0022656F /* RegistrationViewModel.swift */,
			);
			path = ViewModel;
			sourceTree = "<group>";
		};
		201D7FFC2C8FD3450022656F /* View */ = {
			isa = PBXGroup;
			children = (
				201D80002C8FD3920022656F /* LoginView.swift */,
				201D80022C8FD3B50022656F /* RegistrationView.swift */,
			);
			path = View;
			sourceTree = "<group>";
		};
		201D7FFD2C8FD3530022656F /* Service */ = {
			isa = PBXGroup;
			children = (
				201D805B2C94DE6F0022656F /* AuthService.swift */,
			);
			path = Service;
			sourceTree = "<group>";
		};
		201D7FFE2C8FD3550022656F /* Protocols */ = {
			isa = PBXGroup;
			children = (
				201D80272C93B1410022656F /* AuthenticationFormProtocol.swift */,
			);
			path = Protocols;
			sourceTree = "<group>";
		};
		201D7FFF2C8FD3580022656F /* Model */ = {
			isa = PBXGroup;
			children = (
			);
			path = Model;
			sourceTree = "<group>";
		};
		201D802C2C93CCBF0022656F /* Frameworks */ = {
			isa = PBXGroup;
			children = (
			);
			name = Frameworks;
			sourceTree = "<group>";
		};
		201D81052CA8EBFD0022656F /* View */ = {
			isa = PBXGroup;
			children = (
				201D7FDD2C8985350022656F /* ExploreView.swift */,
				201D7FDF2C89854B0022656F /* UserCell.swift */,
			);
			path = View;
			sourceTree = "<group>";
		};
		201D81062CA8EC050022656F /* ViewModel */ = {
			isa = PBXGroup;
			children = (
				201D81072CA8EC820022656F /* ExploreViewModel.swift */,
			);
			path = ViewModel;
			sourceTree = "<group>";
		};
		201D810D2CAA2D160022656F /* EditProfile */ = {
			isa = PBXGroup;
			children = (
				201D810E2CAA2D290022656F /* View */,
			);
			path = EditProfile;
			sourceTree = "<group>";
		};
		201D810E2CAA2D290022656F /* View */ = {
			isa = PBXGroup;
			children = (
				201D81112CAA2DD90022656F /* EditProfileView.swift */,
			);
			path = View;
			sourceTree = "<group>";
		};
		20D029E12C87C616000433D2 = {
			isa = PBXGroup;
			children = (
				20D029EC2C87C616000433D2 /* TiktokClone */,
				20D029EB2C87C616000433D2 /* Products */,
				201D802C2C93CCBF0022656F /* Frameworks */,
			);
			sourceTree = "<group>";
		};
		20D029EB2C87C616000433D2 /* Products */ = {
			isa = PBXGroup;
			children = (
				20D029EA2C87C616000433D2 /* TiktokClone.app */,
			);
			name = Products;
			sourceTree = "<group>";
		};
		20D029EC2C87C616000433D2 /* TiktokClone */ = {
			isa = PBXGroup;
			children = (
				20D02A012C87C6AB000433D2 /* App */,
				20D02A002C87C6A7000433D2 /* Core */,
				20D029FF2C87C6A4000433D2 /* Extensions */,
				20D029FE2C87C69F000433D2 /* Model */,
				20D029FC2C87C68F000433D2 /* Services */,
				20D029FB2C87C65C000433D2 /* Utils */,
				20D029F12C87C618000433D2 /* Assets.xcassets */,
				201D80292C93C9160022656F /* GoogleService-Info.plist */,
				20D029F32C87C618000433D2 /* Preview Content */,
			);
			path = TiktokClone;
			sourceTree = "<group>";
		};
		20D029F32C87C618000433D2 /* Preview Content */ = {
			isa = PBXGroup;
			children = (
				20D029F42C87C618000433D2 /* Preview Assets.xcassets */,
			);
			path = "Preview Content";
			sourceTree = "<group>";
		};
		20D029FB2C87C65C000433D2 /* Utils */ = {
			isa = PBXGroup;
			children = (
				201D80252C939B5F0022656F /* StandardTextFieldModifier.swift */,
				201D810B2CAA20780022656F /* Firestore+Constants.swift */,
			);
			path = Utils;
			sourceTree = "<group>";
		};
		20D029FC2C87C68F000433D2 /* Services */ = {
			isa = PBXGroup;
			children = (
				201D81012CA89ACF0022656F /* UserService.swift */,
			);
			path = Services;
			sourceTree = "<group>";
		};
		20D029FE2C87C69F000433D2 /* Model */ = {
			isa = PBXGroup;
			children = (
				201D7FEF2C8CE0340022656F /* Post.swift */,
				201D80FF2CA899840022656F /* User.swift */,
			);
			path = Model;
			sourceTree = "<group>";
		};
		20D029FF2C87C6A4000433D2 /* Extensions */ = {
			isa = PBXGroup;
			children = (
				201D81032CA8E8770022656F /* PreviewProvider.swift */,
			);
			path = Extensions;
			sourceTree = "<group>";
		};
		20D02A002C87C6A7000433D2 /* Core */ = {
			isa = PBXGroup;
			children = (
				20D02A0B2C87C794000433D2 /* Authentication */,
				20D02A0A2C87C78E000433D2 /* Comments */,
				20D02A092C87C78C000433D2 /* Components */,
				20D02A082C87C78A000433D2 /* Feed */,
				20D02A072C87C788000433D2 /* Notifications */,
				20D02A062C87C787000433D2 /* Profile */,
				20D02A052C87C784000433D2 /* Root */,
				20D02A042C87C780000433D2 /* Search */,
				20D02A032C87C77E000433D2 /* TabBar */,
				20D02A022C87C77B000433D2 /* UploadMedia */,
			);
			path = Core;
			sourceTree = "<group>";
		};
		20D02A012C87C6AB000433D2 /* App */ = {
			isa = PBXGroup;
			children = (
				20D029ED2C87C616000433D2 /* TiktokCloneApp.swift */,
			);
			path = App;
			sourceTree = "<group>";
		};
		20D02A022C87C77B000433D2 /* UploadMedia */ = {
			isa = PBXGroup;
			children = (
			);
			path = UploadMedia;
			sourceTree = "<group>";
		};
		20D02A032C87C77E000433D2 /* TabBar */ = {
			isa = PBXGroup;
			children = (
				20D02A0C2C87DA85000433D2 /* MainTabView.swift */,
			);
			path = TabBar;
			sourceTree = "<group>";
		};
		20D02A042C87C780000433D2 /* Search */ = {
			isa = PBXGroup;
			children = (
				201D81062CA8EC050022656F /* ViewModel */,
				201D81052CA8EBFD0022656F /* View */,
			);
			path = Search;
			sourceTree = "<group>";
		};
		20D02A052C87C784000433D2 /* Root */ = {
			isa = PBXGroup;
			children = (
				20D029EF2C87C616000433D2 /* ContentView.swift */,
				201D80612C9502FD0022656F /* ContentViewModel.swift */,
			);
			path = Root;
			sourceTree = "<group>";
		};
		20D02A062C87C787000433D2 /* Profile */ = {
			isa = PBXGroup;
			children = (
				201D810D2CAA2D160022656F /* EditProfile */,
				201D7FEE2C8BB9BB0022656F /* View */,
				201D7FEB2C8BB9580022656F /* Components */,
			);
			path = Profile;
			sourceTree = "<group>";
		};
		20D02A072C87C788000433D2 /* Notifications */ = {
			isa = PBXGroup;
			children = (
				201D7FE12C8A76CB0022656F /* NotificationView.swift */,
				201D7FE32C8A76DE0022656F /* NotificationCell.swift */,
			);
			path = Notifications;
			sourceTree = "<group>";
		};
		20D02A082C87C78A000433D2 /* Feed */ = {
			isa = PBXGroup;
			children = (
				201D7FF32C8E7D2B0022656F /* Service */,
				201D7FF22C8E7D0D0022656F /* View */,
				201D7FF12C8CE06F0022656F /* ViewModel */,
			);
			path = Feed;
			sourceTree = "<group>";
		};
		20D02A092C87C78C000433D2 /* Components */ = {
			isa = PBXGroup;
			children = (
				201D7FF62C8F6FBA0022656F /* CustomVideoPlayer.swift */,
			);
			path = Components;
			sourceTree = "<group>";
		};
		20D02A0A2C87C78E000433D2 /* Comments */ = {
			isa = PBXGroup;
			children = (
			);
			path = Comments;
			sourceTree = "<group>";
		};
		20D02A0B2C87C794000433D2 /* Authentication */ = {
			isa = PBXGroup;
			children = (
				201D7FFF2C8FD3580022656F /* Model */,
				201D7FFE2C8FD3550022656F /* Protocols */,
				201D7FFD2C8FD3530022656F /* Service */,
				201D7FFC2C8FD3450022656F /* View */,
				201D7FFB2C8FD3420022656F /* ViewModel */,
			);
			path = Authentication;
			sourceTree = "<group>";
		};
/* End PBXGroup section */

/* Begin PBXNativeTarget section */
		20D029E92C87C616000433D2 /* TiktokClone */ = {
			isa = PBXNativeTarget;
			buildConfigurationList = 20D029F82C87C618000433D2 /* Build configuration list for PBXNativeTarget "TiktokClone" */;
			buildPhases = (
				20D029E62C87C616000433D2 /* Sources */,
				20D029E72C87C616000433D2 /* Frameworks */,
				20D029E82C87C616000433D2 /* Resources */,
			);
			buildRules = (
			);
			dependencies = (
			);
			name = TiktokClone;
			packageProductDependencies = (
				201D802D2C93CCBF0022656F /* FirebaseAnalytics */,
				201D802F2C93CCC00022656F /* FirebaseAnalyticsOnDeviceConversion */,
				201D80312C93CCC00022656F /* FirebaseAnalyticsWithoutAdIdSupport */,
				201D80332C93CCC00022656F /* FirebaseAppCheck */,
				201D80352C93CCC00022656F /* FirebaseAppDistribution-Beta */,
				201D80372C93CCC00022656F /* FirebaseAuth */,
				201D80392C93CCC00022656F /* FirebaseAuthCombine-Community */,
				201D803B2C93CCC00022656F /* FirebaseCrashlytics */,
				201D803D2C93CCC00022656F /* FirebaseDatabase */,
				201D803F2C93CCC00022656F /* FirebaseDynamicLinks */,
				201D80412C93CCC00022656F /* FirebaseFirestore */,
				201D80432C93CCC00022656F /* FirebaseFirestoreCombine-Community */,
				201D80452C93CCC00022656F /* FirebaseFunctions */,
				201D80472C93CCC00022656F /* FirebaseFunctionsCombine-Community */,
				201D80492C93CCC00022656F /* FirebaseInAppMessaging-Beta */,
				201D804B2C93CCC00022656F /* FirebaseInstallations */,
				201D804D2C93CCC00022656F /* FirebaseMessaging */,
				201D804F2C93CCC00022656F /* FirebaseMLModelDownloader */,
				201D80512C93CCC00022656F /* FirebasePerformance */,
				201D80532C93CCC00022656F /* FirebaseRemoteConfig */,
				201D80552C93CCC00022656F /* FirebaseStorage */,
				201D80572C93CCC00022656F /* FirebaseStorageCombine-Community */,
				201D80592C93CCC00022656F /* FirebaseVertexAI-Preview */,
			);
			productName = TiktokClone;
			productReference = 20D029EA2C87C616000433D2 /* TiktokClone.app */;
			productType = "com.apple.product-type.application";
		};
/* End PBXNativeTarget section */

/* Begin PBXProject section */
		20D029E22C87C616000433D2 /* Project object */ = {
			isa = PBXProject;
			attributes = {
				BuildIndependentTargetsInParallel = 1;
				LastSwiftUpdateCheck = 1430;
				LastUpgradeCheck = 1540;
				TargetAttributes = {
					20D029E92C87C616000433D2 = {
						CreatedOnToolsVersion = 14.3;
					};
				};
			};
			buildConfigurationList = 20D029E52C87C616000433D2 /* Build configuration list for PBXProject "TiktokClone" */;
			compatibilityVersion = "Xcode 14.0";
			developmentRegion = en;
			hasScannedForEncodings = 0;
			knownRegions = (
				en,
				Base,
			);
			mainGroup = 20D029E12C87C616000433D2;
			packageReferences = (
				201D802B2C93CA130022656F /* XCRemoteSwiftPackageReference "firebase-ios-sdk" */,
			);
			productRefGroup = 20D029EB2C87C616000433D2 /* Products */;
			projectDirPath = "";
			projectRoot = "";
			targets = (
				20D029E92C87C616000433D2 /* TiktokClone */,
			);
		};
/* End PBXProject section */

/* Begin PBXResourcesBuildPhase section */
		20D029E82C87C616000433D2 /* Resources */ = {
			isa = PBXResourcesBuildPhase;
			buildActionMask = 2147483647;
			files = (
				20D029F52C87C618000433D2 /* Preview Assets.xcassets in Resources */,
				20D029F22C87C618000433D2 /* Assets.xcassets in Resources */,
				201D802A2C93C9160022656F /* GoogleService-Info.plist in Resources */,
			);
			runOnlyForDeploymentPostprocessing = 0;
		};
/* End PBXResourcesBuildPhase section */

/* Begin PBXSourcesBuildPhase section */
		20D029E62C87C616000433D2 /* Sources */ = {
			isa = PBXSourcesBuildPhase;
			buildActionMask = 2147483647;
			files = (
				20D02A0F2C88FEE5000433D2 /* FeedView.swift in Sources */,
				201D7FF72C8F6FBA0022656F /* CustomVideoPlayer.swift in Sources */,
				201D805E2C94F5D40022656F /* LoginViewModel.swift in Sources */,
				201D81002CA899840022656F /* User.swift in Sources */,
				201D7FE42C8A76DE0022656F /* NotificationCell.swift in Sources */,
				201D810C2CAA20780022656F /* Firestore+Constants.swift in Sources */,
				201D80032C8FD3B50022656F /* RegistrationView.swift in Sources */,
				201D81022CA89ACF0022656F /* UserService.swift in Sources */,
				201D81042CA8E8770022656F /* PreviewProvider.swift in Sources */,
				201D7FE82C8BB4DE0022656F /* ProfileHeaderView.swift in Sources */,
				201D80262C939B5F0022656F /* StandardTextFieldModifier.swift in Sources */,
				201D805C2C94DE6F0022656F /* AuthService.swift in Sources */,
				201D80622C9502FD0022656F /* ContentViewModel.swift in Sources */,
				201D7FED2C8BB9910022656F /* UserStatView.swift in Sources */,
				201D7FC22C893E860022656F /* FeedCell.swift in Sources */,
				201D7FF52C8E7D780022656F /* FeedViewModel.swift in Sources */,
				201D7FF02C8CE0340022656F /* Post.swift in Sources */,
				201D80282C93B1410022656F /* AuthenticationFormProtocol.swift in Sources */,
				201D80602C94F6EF0022656F /* RegistrationViewModel.swift in Sources */,
				20D029F02C87C616000433D2 /* ContentView.swift in Sources */,
				201D7FE22C8A76CB0022656F /* NotificationView.swift in Sources */,
				201D81122CAA2DD90022656F /* EditProfileView.swift in Sources */,
				201D81082CA8EC820022656F /* ExploreViewModel.swift in Sources */,
				201D80012C8FD3920022656F /* LoginView.swift in Sources */,
				20D029EE2C87C616000433D2 /* TiktokCloneApp.swift in Sources */,
				201D7FDE2C8985350022656F /* ExploreView.swift in Sources */,
				201D7FEA2C8BB4F10022656F /* PostGridView.swift in Sources */,
				201D810A2CAA18A20022656F /* UserProfileView.swift in Sources */,
				201D7FE62C8A89300022656F /* CurrentUserProfileView.swift in Sources */,
				20D02A0D2C87DA85000433D2 /* MainTabView.swift in Sources */,
				201D7FE02C89854B0022656F /* UserCell.swift in Sources */,
			);
			runOnlyForDeploymentPostprocessing = 0;
		};
/* End PBXSourcesBuildPhase section */

/* Begin XCBuildConfiguration section */
		20D029F62C87C618000433D2 /* Debug */ = {
			isa = XCBuildConfiguration;
			buildSettings = {
				ALWAYS_SEARCH_USER_PATHS = NO;
				CLANG_ANALYZER_NONNULL = YES;
				CLANG_ANALYZER_NUMBER_OBJECT_CONVERSION = YES_AGGRESSIVE;
				CLANG_CXX_LANGUAGE_STANDARD = "gnu++20";
				CLANG_ENABLE_MODULES = YES;
				CLANG_ENABLE_OBJC_ARC = YES;
				CLANG_ENABLE_OBJC_WEAK = YES;
				CLANG_WARN_BLOCK_CAPTURE_AUTORELEASING = YES;
				CLANG_WARN_BOOL_CONVERSION = YES;
				CLANG_WARN_COMMA = YES;
				CLANG_WARN_CONSTANT_CONVERSION = YES;
				CLANG_WARN_DEPRECATED_OBJC_IMPLEMENTATIONS = YES;
				CLANG_WARN_DIRECT_OBJC_ISA_USAGE = YES_ERROR;
				CLANG_WARN_DOCUMENTATION_COMMENTS = YES;
				CLANG_WARN_EMPTY_BODY = YES;
				CLANG_WARN_ENUM_CONVERSION = YES;
				CLANG_WARN_INFINITE_RECURSION = YES;
				CLANG_WARN_INT_CONVERSION = YES;
				CLANG_WARN_NON_LITERAL_NULL_CONVERSION = YES;
				CLANG_WARN_OBJC_IMPLICIT_RETAIN_SELF = YES;
				CLANG_WARN_OBJC_LITERAL_CONVERSION = YES;
				CLANG_WARN_OBJC_ROOT_CLASS = YES_ERROR;
				CLANG_WARN_QUOTED_INCLUDE_IN_FRAMEWORK_HEADER = YES;
				CLANG_WARN_RANGE_LOOP_ANALYSIS = YES;
				CLANG_WARN_STRICT_PROTOTYPES = YES;
				CLANG_WARN_SUSPICIOUS_MOVE = YES;
				CLANG_WARN_UNGUARDED_AVAILABILITY = YES_AGGRESSIVE;
				CLANG_WARN_UNREACHABLE_CODE = YES;
				CLANG_WARN__DUPLICATE_METHOD_MATCH = YES;
				COPY_PHASE_STRIP = NO;
				DEBUG_INFORMATION_FORMAT = dwarf;
				ENABLE_STRICT_OBJC_MSGSEND = YES;
				ENABLE_TESTABILITY = YES;
				ENABLE_USER_SCRIPT_SANDBOXING = YES;
				GCC_C_LANGUAGE_STANDARD = gnu11;
				GCC_DYNAMIC_NO_PIC = NO;
				GCC_NO_COMMON_BLOCKS = YES;
				GCC_OPTIMIZATION_LEVEL = 0;
				GCC_PREPROCESSOR_DEFINITIONS = (
					"DEBUG=1",
					"$(inherited)",
				);
				GCC_WARN_64_TO_32_BIT_CONVERSION = YES;
				GCC_WARN_ABOUT_RETURN_TYPE = YES_ERROR;
				GCC_WARN_UNDECLARED_SELECTOR = YES;
				GCC_WARN_UNINITIALIZED_AUTOS = YES_AGGRESSIVE;
				GCC_WARN_UNUSED_FUNCTION = YES;
				GCC_WARN_UNUSED_VARIABLE = YES;
				IPHONEOS_DEPLOYMENT_TARGET = 16.4;
				MTL_ENABLE_DEBUG_INFO = INCLUDE_SOURCE;
				MTL_FAST_MATH = YES;
				ONLY_ACTIVE_ARCH = YES;
				SDKROOT = iphoneos;
				SWIFT_ACTIVE_COMPILATION_CONDITIONS = DEBUG;
				SWIFT_OPTIMIZATION_LEVEL = "-Onone";
			};
			name = Debug;
		};
		20D029F72C87C618000433D2 /* Release */ = {
			isa = XCBuildConfiguration;
			buildSettings = {
				ALWAYS_SEARCH_USER_PATHS = NO;
				CLANG_ANALYZER_NONNULL = YES;
				CLANG_ANALYZER_NUMBER_OBJECT_CONVERSION = YES_AGGRESSIVE;
				CLANG_CXX_LANGUAGE_STANDARD = "gnu++20";
				CLANG_ENABLE_MODULES = YES;
				CLANG_ENABLE_OBJC_ARC = YES;
				CLANG_ENABLE_OBJC_WEAK = YES;
				CLANG_WARN_BLOCK_CAPTURE_AUTORELEASING = YES;
				CLANG_WARN_BOOL_CONVERSION = YES;
				CLANG_WARN_COMMA = YES;
				CLANG_WARN_CONSTANT_CONVERSION = YES;
				CLANG_WARN_DEPRECATED_OBJC_IMPLEMENTATIONS = YES;
				CLANG_WARN_DIRECT_OBJC_ISA_USAGE = YES_ERROR;
				CLANG_WARN_DOCUMENTATION_COMMENTS = YES;
				CLANG_WARN_EMPTY_BODY = YES;
				CLANG_WARN_ENUM_CONVERSION = YES;
				CLANG_WARN_INFINITE_RECURSION = YES;
				CLANG_WARN_INT_CONVERSION = YES;
				CLANG_WARN_NON_LITERAL_NULL_CONVERSION = YES;
				CLANG_WARN_OBJC_IMPLICIT_RETAIN_SELF = YES;
				CLANG_WARN_OBJC_LITERAL_CONVERSION = YES;
				CLANG_WARN_OBJC_ROOT_CLASS = YES_ERROR;
				CLANG_WARN_QUOTED_INCLUDE_IN_FRAMEWORK_HEADER = YES;
				CLANG_WARN_RANGE_LOOP_ANALYSIS = YES;
				CLANG_WARN_STRICT_PROTOTYPES = YES;
				CLANG_WARN_SUSPICIOUS_MOVE = YES;
				CLANG_WARN_UNGUARDED_AVAILABILITY = YES_AGGRESSIVE;
				CLANG_WARN_UNREACHABLE_CODE = YES;
				CLANG_WARN__DUPLICATE_METHOD_MATCH = YES;
				COPY_PHASE_STRIP = NO;
				DEBUG_INFORMATION_FORMAT = "dwarf-with-dsym";
				ENABLE_NS_ASSERTIONS = NO;
				ENABLE_STRICT_OBJC_MSGSEND = YES;
				ENABLE_USER_SCRIPT_SANDBOXING = YES;
				GCC_C_LANGUAGE_STANDARD = gnu11;
				GCC_NO_COMMON_BLOCKS = YES;
				GCC_WARN_64_TO_32_BIT_CONVERSION = YES;
				GCC_WARN_ABOUT_RETURN_TYPE = YES_ERROR;
				GCC_WARN_UNDECLARED_SELECTOR = YES;
				GCC_WARN_UNINITIALIZED_AUTOS = YES_AGGRESSIVE;
				GCC_WARN_UNUSED_FUNCTION = YES;
				GCC_WARN_UNUSED_VARIABLE = YES;
				IPHONEOS_DEPLOYMENT_TARGET = 16.4;
				MTL_ENABLE_DEBUG_INFO = NO;
				MTL_FAST_MATH = YES;
				SDKROOT = iphoneos;
				SWIFT_COMPILATION_MODE = wholemodule;
				SWIFT_OPTIMIZATION_LEVEL = "-O";
				VALIDATE_PRODUCT = YES;
			};
			name = Release;
		};
		20D029F92C87C618000433D2 /* Debug */ = {
			isa = XCBuildConfiguration;
			buildSettings = {
				ASSETCATALOG_COMPILER_APPICON_NAME = AppIcon;
				ASSETCATALOG_COMPILER_GLOBAL_ACCENT_COLOR_NAME = AccentColor;
				CODE_SIGN_STYLE = Automatic;
				CURRENT_PROJECT_VERSION = 1;
				DEVELOPMENT_ASSET_PATHS = "\"TiktokClone/Preview Content\"";
				DEVELOPMENT_TEAM = RZW9Y463MF;
				ENABLE_PREVIEWS = YES;
				GENERATE_INFOPLIST_FILE = YES;
				INFOPLIST_KEY_UIApplicationSceneManifest_Generation = YES;
				INFOPLIST_KEY_UIApplicationSupportsIndirectInputEvents = YES;
				INFOPLIST_KEY_UILaunchScreen_Generation = YES;
				INFOPLIST_KEY_UISupportedInterfaceOrientations_iPad = "UIInterfaceOrientationPortrait UIInterfaceOrientationPortraitUpsideDown UIInterfaceOrientationLandscapeLeft UIInterfaceOrientationLandscapeRight";
				INFOPLIST_KEY_UISupportedInterfaceOrientations_iPhone = "UIInterfaceOrientationPortrait UIInterfaceOrientationLandscapeLeft UIInterfaceOrientationLandscapeRight";
				IPHONEOS_DEPLOYMENT_TARGET = 17.0;
				LD_RUNPATH_SEARCH_PATHS = (
					"$(inherited)",
					"@executable_path/Frameworks",
				);
				MARKETING_VERSION = 1.0;
				PRODUCT_BUNDLE_IDENTIFIER = com.winghu.TiktokClone;
				PRODUCT_NAME = "$(TARGET_NAME)";
				SWIFT_EMIT_LOC_STRINGS = YES;
				SWIFT_VERSION = 5.0;
				TARGETED_DEVICE_FAMILY = "1,2";
			};
			name = Debug;
		};
		20D029FA2C87C618000433D2 /* Release */ = {
			isa = XCBuildConfiguration;
			buildSettings = {
				ASSETCATALOG_COMPILER_APPICON_NAME = AppIcon;
				ASSETCATALOG_COMPILER_GLOBAL_ACCENT_COLOR_NAME = AccentColor;
				CODE_SIGN_STYLE = Automatic;
				CURRENT_PROJECT_VERSION = 1;
				DEVELOPMENT_ASSET_PATHS = "\"TiktokClone/Preview Content\"";
				DEVELOPMENT_TEAM = RZW9Y463MF;
				ENABLE_PREVIEWS = YES;
				GENERATE_INFOPLIST_FILE = YES;
				INFOPLIST_KEY_UIApplicationSceneManifest_Generation = YES;
				INFOPLIST_KEY_UIApplicationSupportsIndirectInputEvents = YES;
				INFOPLIST_KEY_UILaunchScreen_Generation = YES;
				INFOPLIST_KEY_UISupportedInterfaceOrientations_iPad = "UIInterfaceOrientationPortrait UIInterfaceOrientationPortraitUpsideDown UIInterfaceOrientationLandscapeLeft UIInterfaceOrientationLandscapeRight";
				INFOPLIST_KEY_UISupportedInterfaceOrientations_iPhone = "UIInterfaceOrientationPortrait UIInterfaceOrientationLandscapeLeft UIInterfaceOrientationLandscapeRight";
				IPHONEOS_DEPLOYMENT_TARGET = 17.0;
				LD_RUNPATH_SEARCH_PATHS = (
					"$(inherited)",
					"@executable_path/Frameworks",
				);
				MARKETING_VERSION = 1.0;
				PRODUCT_BUNDLE_IDENTIFIER = com.winghu.TiktokClone;
				PRODUCT_NAME = "$(TARGET_NAME)";
				SWIFT_EMIT_LOC_STRINGS = YES;
				SWIFT_VERSION = 5.0;
				TARGETED_DEVICE_FAMILY = "1,2";
			};
			name = Release;
		};
/* End XCBuildConfiguration section */

/* Begin XCConfigurationList section */
		20D029E52C87C616000433D2 /* Build configuration list for PBXProject "TiktokClone" */ = {
			isa = XCConfigurationList;
			buildConfigurations = (
				20D029F62C87C618000433D2 /* Debug */,
				20D029F72C87C618000433D2 /* Release */,
			);
			defaultConfigurationIsVisible = 0;
			defaultConfigurationName = Release;
		};
		20D029F82C87C618000433D2 /* Build configuration list for PBXNativeTarget "TiktokClone" */ = {
			isa = XCConfigurationList;
			buildConfigurations = (
				20D029F92C87C618000433D2 /* Debug */,
				20D029FA2C87C618000433D2 /* Release */,
			);
			defaultConfigurationIsVisible = 0;
			defaultConfigurationName = Release;
		};
/* End XCConfigurationList section */

/* Begin XCRemoteSwiftPackageReference section */
		201D802B2C93CA130022656F /* XCRemoteSwiftPackageReference "firebase-ios-sdk" */ = {
			isa = XCRemoteSwiftPackageReference;
			repositoryURL = "https://github.com/firebase/firebase-ios-sdk";
			requirement = {
				kind = upToNextMajorVersion;
				minimumVersion = 11.2.0;
			};
		};
/* End XCRemoteSwiftPackageReference section */

/* Begin XCSwiftPackageProductDependency section */
		201D802D2C93CCBF0022656F /* FirebaseAnalytics */ = {
			isa = XCSwiftPackageProductDependency;
			package = 201D802B2C93CA130022656F /* XCRemoteSwiftPackageReference "firebase-ios-sdk" */;
			productName = FirebaseAnalytics;
		};
		201D802F2C93CCC00022656F /* FirebaseAnalyticsOnDeviceConversion */ = {
			isa = XCSwiftPackageProductDependency;
			package = 201D802B2C93CA130022656F /* XCRemoteSwiftPackageReference "firebase-ios-sdk" */;
			productName = FirebaseAnalyticsOnDeviceConversion;
		};
		201D80312C93CCC00022656F /* FirebaseAnalyticsWithoutAdIdSupport */ = {
			isa = XCSwiftPackageProductDependency;
			package = 201D802B2C93CA130022656F /* XCRemoteSwiftPackageReference "firebase-ios-sdk" */;
			productName = FirebaseAnalyticsWithoutAdIdSupport;
		};
		201D80332C93CCC00022656F /* FirebaseAppCheck */ = {
			isa = XCSwiftPackageProductDependency;
			package = 201D802B2C93CA130022656F /* XCRemoteSwiftPackageReference "firebase-ios-sdk" */;
			productName = FirebaseAppCheck;
		};
		201D80352C93CCC00022656F /* FirebaseAppDistribution-Beta */ = {
			isa = XCSwiftPackageProductDependency;
			package = 201D802B2C93CA130022656F /* XCRemoteSwiftPackageReference "firebase-ios-sdk" */;
			productName = "FirebaseAppDistribution-Beta";
		};
		201D80372C93CCC00022656F /* FirebaseAuth */ = {
			isa = XCSwiftPackageProductDependency;
			package = 201D802B2C93CA130022656F /* XCRemoteSwiftPackageReference "firebase-ios-sdk" */;
			productName = FirebaseAuth;
		};
		201D80392C93CCC00022656F /* FirebaseAuthCombine-Community */ = {
			isa = XCSwiftPackageProductDependency;
			package = 201D802B2C93CA130022656F /* XCRemoteSwiftPackageReference "firebase-ios-sdk" */;
			productName = "FirebaseAuthCombine-Community";
		};
		201D803B2C93CCC00022656F /* FirebaseCrashlytics */ = {
			isa = XCSwiftPackageProductDependency;
			package = 201D802B2C93CA130022656F /* XCRemoteSwiftPackageReference "firebase-ios-sdk" */;
			productName = FirebaseCrashlytics;
		};
		201D803D2C93CCC00022656F /* FirebaseDatabase */ = {
			isa = XCSwiftPackageProductDependency;
			package = 201D802B2C93CA130022656F /* XCRemoteSwiftPackageReference "firebase-ios-sdk" */;
			productName = FirebaseDatabase;
		};
		201D803F2C93CCC00022656F /* FirebaseDynamicLinks */ = {
			isa = XCSwiftPackageProductDependency;
			package = 201D802B2C93CA130022656F /* XCRemoteSwiftPackageReference "firebase-ios-sdk" */;
			productName = FirebaseDynamicLinks;
		};
		201D80412C93CCC00022656F /* FirebaseFirestore */ = {
			isa = XCSwiftPackageProductDependency;
			package = 201D802B2C93CA130022656F /* XCRemoteSwiftPackageReference "firebase-ios-sdk" */;
			productName = FirebaseFirestore;
		};
		201D80432C93CCC00022656F /* FirebaseFirestoreCombine-Community */ = {
			isa = XCSwiftPackageProductDependency;
			package = 201D802B2C93CA130022656F /* XCRemoteSwiftPackageReference "firebase-ios-sdk" */;
			productName = "FirebaseFirestoreCombine-Community";
		};
		201D80452C93CCC00022656F /* FirebaseFunctions */ = {
			isa = XCSwiftPackageProductDependency;
			package = 201D802B2C93CA130022656F /* XCRemoteSwiftPackageReference "firebase-ios-sdk" */;
			productName = FirebaseFunctions;
		};
		201D80472C93CCC00022656F /* FirebaseFunctionsCombine-Community */ = {
			isa = XCSwiftPackageProductDependency;
			package = 201D802B2C93CA130022656F /* XCRemoteSwiftPackageReference "firebase-ios-sdk" */;
			productName = "FirebaseFunctionsCombine-Community";
		};
		201D80492C93CCC00022656F /* FirebaseInAppMessaging-Beta */ = {
			isa = XCSwiftPackageProductDependency;
			package = 201D802B2C93CA130022656F /* XCRemoteSwiftPackageReference "firebase-ios-sdk" */;
			productName = "FirebaseInAppMessaging-Beta";
		};
		201D804B2C93CCC00022656F /* FirebaseInstallations */ = {
			isa = XCSwiftPackageProductDependency;
			package = 201D802B2C93CA130022656F /* XCRemoteSwiftPackageReference "firebase-ios-sdk" */;
			productName = FirebaseInstallations;
		};
		201D804D2C93CCC00022656F /* FirebaseMessaging */ = {
			isa = XCSwiftPackageProductDependency;
			package = 201D802B2C93CA130022656F /* XCRemoteSwiftPackageReference "firebase-ios-sdk" */;
			productName = FirebaseMessaging;
		};
		201D804F2C93CCC00022656F /* FirebaseMLModelDownloader */ = {
			isa = XCSwiftPackageProductDependency;
			package = 201D802B2C93CA130022656F /* XCRemoteSwiftPackageReference "firebase-ios-sdk" */;
			productName = FirebaseMLModelDownloader;
		};
		201D80512C93CCC00022656F /* FirebasePerformance */ = {
			isa = XCSwiftPackageProductDependency;
			package = 201D802B2C93CA130022656F /* XCRemoteSwiftPackageReference "firebase-ios-sdk" */;
			productName = FirebasePerformance;
		};
		201D80532C93CCC00022656F /* FirebaseRemoteConfig */ = {
			isa = XCSwiftPackageProductDependency;
			package = 201D802B2C93CA130022656F /* XCRemoteSwiftPackageReference "firebase-ios-sdk" */;
			productName = FirebaseRemoteConfig;
		};
		201D80552C93CCC00022656F /* FirebaseStorage */ = {
			isa = XCSwiftPackageProductDependency;
			package = 201D802B2C93CA130022656F /* XCRemoteSwiftPackageReference "firebase-ios-sdk" */;
			productName = FirebaseStorage;
		};
		201D80572C93CCC00022656F /* FirebaseStorageCombine-Community */ = {
			isa = XCSwiftPackageProductDependency;
			package = 201D802B2C93CA130022656F /* XCRemoteSwiftPackageReference "firebase-ios-sdk" */;
			productName = "FirebaseStorageCombine-Community";
		};
		201D80592C93CCC00022656F /* FirebaseVertexAI-Preview */ = {
			isa = XCSwiftPackageProductDependency;
			package = 201D802B2C93CA130022656F /* XCRemoteSwiftPackageReference "firebase-ios-sdk" */;
			productName = "FirebaseVertexAI-Preview";
		};
/* End XCSwiftPackageProductDependency section */
	};
	rootObject = 20D029E22C87C616000433D2 /* Project object */;
}
